// !$*UTF8*$!
{
	archiveVersion = 1;
	classes = {
	};
	objectVersion = 50;
	objects = {

/* Begin PBXBuildFile section */
		43E7317825CBD60800B85FF4 /* AppDelegate.swift in Sources */ = {isa = PBXBuildFile; fileRef = 43E7317725CBD60800B85FF4 /* AppDelegate.swift */; };
		43E7317A25CBD60800B85FF4 /* SceneDelegate.swift in Sources */ = {isa = PBXBuildFile; fileRef = 43E7317925CBD60800B85FF4 /* SceneDelegate.swift */; };
		43E7317C25CBD60800B85FF4 /* ViewController.swift in Sources */ = {isa = PBXBuildFile; fileRef = 43E7317B25CBD60800B85FF4 /* ViewController.swift */; };
		43E7318225CBD60800B85FF4 /* CoreToDo.xcdatamodeld in Sources */ = {isa = PBXBuildFile; fileRef = 43E7318025CBD60800B85FF4 /* CoreToDo.xcdatamodeld */; };
		43E7318425CBD60B00B85FF4 /* Assets.xcassets in Resources */ = {isa = PBXBuildFile; fileRef = 43E7318325CBD60B00B85FF4 /* Assets.xcassets */; };
		43E7318725CBD60B00B85FF4 /* LaunchScreen.storyboard in Resources */ = {isa = PBXBuildFile; fileRef = 43E7318525CBD60B00B85FF4 /* LaunchScreen.storyboard */; };
		43E7319D25CBEAF200B85FF4 /* CloudKit.framework in Frameworks */ = {isa = PBXBuildFile; fileRef = 43E7319C25CBEAF200B85FF4 /* CloudKit.framework */; };
		43E731A125CC3BE700B85FF4 /* TDDataManager.swift in Sources */ = {isa = PBXBuildFile; fileRef = 43E731A025CC3BE700B85FF4 /* TDDataManager.swift */; };
		43E731A525CE2D1A00B85FF4 /* TDDataSource.swift in Sources */ = {isa = PBXBuildFile; fileRef = 43E731A425CE2D1A00B85FF4 /* TDDataSource.swift */; };
/* End PBXBuildFile section */

/* Begin PBXFileReference section */
		43E7317425CBD60800B85FF4 /* CoreToDo.app */ = {isa = PBXFileReference; explicitFileType = wrapper.application; includeInIndex = 0; path = CoreToDo.app; sourceTree = BUILT_PRODUCTS_DIR; };
		43E7317725CBD60800B85FF4 /* AppDelegate.swift */ = {isa = PBXFileReference; lastKnownFileType = sourcecode.swift; path = AppDelegate.swift; sourceTree = "<group>"; };
		43E7317925CBD60800B85FF4 /* SceneDelegate.swift */ = {isa = PBXFileReference; lastKnownFileType = sourcecode.swift; path = SceneDelegate.swift; sourceTree = "<group>"; };
		43E7317B25CBD60800B85FF4 /* ViewController.swift */ = {isa = PBXFileReference; lastKnownFileType = sourcecode.swift; path = ViewController.swift; sourceTree = "<group>"; };
		43E7318125CBD60800B85FF4 /* CoreToDo.xcdatamodel */ = {isa = PBXFileReference; lastKnownFileType = wrapper.xcdatamodel; path = CoreToDo.xcdatamodel; sourceTree = "<group>"; };
		43E7318325CBD60B00B85FF4 /* Assets.xcassets */ = {isa = PBXFileReference; lastKnownFileType = folder.assetcatalog; path = Assets.xcassets; sourceTree = "<group>"; };
		43E7318625CBD60B00B85FF4 /* Base */ = {isa = PBXFileReference; lastKnownFileType = file.storyboard; name = Base; path = Base.lproj/LaunchScreen.storyboard; sourceTree = "<group>"; };
		43E7318825CBD60B00B85FF4 /* Info.plist */ = {isa = PBXFileReference; lastKnownFileType = text.plist.xml; path = Info.plist; sourceTree = "<group>"; };
		43E7319925CBEAEA00B85FF4 /* CoreToDo.entitlements */ = {isa = PBXFileReference; lastKnownFileType = text.plist.entitlements; path = CoreToDo.entitlements; sourceTree = "<group>"; };
		43E7319C25CBEAF200B85FF4 /* CloudKit.framework */ = {isa = PBXFileReference; lastKnownFileType = wrapper.framework; name = CloudKit.framework; path = System/Library/Frameworks/CloudKit.framework; sourceTree = SDKROOT; };
		43E731A025CC3BE700B85FF4 /* TDDataManager.swift */ = {isa = PBXFileReference; lastKnownFileType = sourcecode.swift; path = TDDataManager.swift; sourceTree = "<group>"; };
		43E731A425CE2D1A00B85FF4 /* TDDataSource.swift */ = {isa = PBXFileReference; lastKnownFileType = sourcecode.swift; path = TDDataSource.swift; sourceTree = "<group>"; };
/* End PBXFileReference section */

/* Begin PBXFrameworksBuildPhase section */
		43E7317125CBD60700B85FF4 /* Frameworks */ = {
			isa = PBXFrameworksBuildPhase;
			buildActionMask = 2147483647;
			files = (
				43E7319D25CBEAF200B85FF4 /* CloudKit.framework in Frameworks */,
			);
			runOnlyForDeploymentPostprocessing = 0;
		};
/* End PBXFrameworksBuildPhase section */

/* Begin PBXGroup section */
		43E7316B25CBD60700B85FF4 = {
			isa = PBXGroup;
			children = (
				43E7317625CBD60800B85FF4 /* CoreToDo */,
				43E7317525CBD60800B85FF4 /* Products */,
				43E7319B25CBEAF200B85FF4 /* Frameworks */,
			);
			sourceTree = "<group>";
		};
		43E7317525CBD60800B85FF4 /* Products */ = {
			isa = PBXGroup;
			children = (
				43E7317425CBD60800B85FF4 /* CoreToDo.app */,
			);
			name = Products;
			sourceTree = "<group>";
		};
		43E7317625CBD60800B85FF4 /* CoreToDo */ = {
			isa = PBXGroup;
			children = (
				43E7319925CBEAEA00B85FF4 /* CoreToDo.entitlements */,
				43E7319F25CC3BC000B85FF4 /* Managers */,
				43E731A825CE339E00B85FF4 /* DataSources */,
				43E731A925CE33BE00B85FF4 /* Support Files */,
				43E7317B25CBD60800B85FF4 /* ViewController.swift */,
			);
			path = CoreToDo;
			sourceTree = "<group>";
		};
		43E7319B25CBEAF200B85FF4 /* Frameworks */ = {
			isa = PBXGroup;
			children = (
				43E7319C25CBEAF200B85FF4 /* CloudKit.framework */,
			);
			name = Frameworks;
			sourceTree = "<group>";
		};
		43E7319F25CC3BC000B85FF4 /* Managers */ = {
			isa = PBXGroup;
			children = (
				43E731A025CC3BE700B85FF4 /* TDDataManager.swift */,
			);
			path = Managers;
			sourceTree = "<group>";
		};
		43E731A825CE339E00B85FF4 /* DataSources */ = {
			isa = PBXGroup;
			children = (
				43E731A425CE2D1A00B85FF4 /* TDDataSource.swift */,
			);
			path = DataSources;
			sourceTree = "<group>";
		};
		43E731A925CE33BE00B85FF4 /* Support Files */ = {
			isa = PBXGroup;
			children = (
				43E7317725CBD60800B85FF4 /* AppDelegate.swift */,
				43E7317925CBD60800B85FF4 /* SceneDelegate.swift */,
				43E7318325CBD60B00B85FF4 /* Assets.xcassets */,
				43E7318525CBD60B00B85FF4 /* LaunchScreen.storyboard */,
				43E7318825CBD60B00B85FF4 /* Info.plist */,
				43E7318025CBD60800B85FF4 /* CoreToDo.xcdatamodeld */,
			);
			path = "Support Files";
			sourceTree = "<group>";
		};
/* End PBXGroup section */

/* Begin PBXNativeTarget section */
		43E7317325CBD60700B85FF4 /* CoreToDo */ = {
			isa = PBXNativeTarget;
			buildConfigurationList = 43E7318B25CBD60B00B85FF4 /* Build configuration list for PBXNativeTarget "CoreToDo" */;
			buildPhases = (
				43E7317025CBD60700B85FF4 /* Sources */,
				43E7317125CBD60700B85FF4 /* Frameworks */,
				43E7317225CBD60700B85FF4 /* Resources */,
			);
			buildRules = (
			);
			dependencies = (
			);
			name = CoreToDo;
			productName = CoreToDo;
			productReference = 43E7317425CBD60800B85FF4 /* CoreToDo.app */;
			productType = "com.apple.product-type.application";
		};
/* End PBXNativeTarget section */

/* Begin PBXProject section */
		43E7316C25CBD60700B85FF4 /* Project object */ = {
			isa = PBXProject;
			attributes = {
				LastSwiftUpdateCheck = 1240;
				LastUpgradeCheck = 1240;
				TargetAttributes = {
					43E7317325CBD60700B85FF4 = {
						CreatedOnToolsVersion = 12.4;
					};
				};
			};
			buildConfigurationList = 43E7316F25CBD60700B85FF4 /* Build configuration list for PBXProject "CoreToDo" */;
			compatibilityVersion = "Xcode 9.3";
			developmentRegion = en;
			hasScannedForEncodings = 0;
			knownRegions = (
				en,
				Base,
			);
			mainGroup = 43E7316B25CBD60700B85FF4;
			productRefGroup = 43E7317525CBD60800B85FF4 /* Products */;
			projectDirPath = "";
			projectRoot = "";
			targets = (
				43E7317325CBD60700B85FF4 /* CoreToDo */,
			);
		};
/* End PBXProject section */

/* Begin PBXResourcesBuildPhase section */
		43E7317225CBD60700B85FF4 /* Resources */ = {
			isa = PBXResourcesBuildPhase;
			buildActionMask = 2147483647;
			files = (
				43E7318725CBD60B00B85FF4 /* LaunchScreen.storyboard in Resources */,
				43E7318425CBD60B00B85FF4 /* Assets.xcassets in Resources */,
			);
			runOnlyForDeploymentPostprocessing = 0;
		};
/* End PBXResourcesBuildPhase section */

/* Begin PBXSourcesBuildPhase section */
		43E7317025CBD60700B85FF4 /* Sources */ = {
			isa = PBXSourcesBuildPhase;
			buildActionMask = 2147483647;
			files = (
				43E731A525CE2D1A00B85FF4 /* TDDataSource.swift in Sources */,
				43E7318225CBD60800B85FF4 /* CoreToDo.xcdatamodeld in Sources */,
				43E7317C25CBD60800B85FF4 /* ViewController.swift in Sources */,
				43E7317825CBD60800B85FF4 /* AppDelegate.swift in Sources */,
				43E731A125CC3BE700B85FF4 /* TDDataManager.swift in Sources */,
				43E7317A25CBD60800B85FF4 /* SceneDelegate.swift in Sources */,
			);
			runOnlyForDeploymentPostprocessing = 0;
		};
/* End PBXSourcesBuildPhase section */

/* Begin PBXVariantGroup section */
		43E7318525CBD60B00B85FF4 /* LaunchScreen.storyboard */ = {
			isa = PBXVariantGroup;
			children = (
				43E7318625CBD60B00B85FF4 /* Base */,
			);
			name = LaunchScreen.storyboard;
			sourceTree = "<group>";
		};
/* End PBXVariantGroup section */

/* Begin XCBuildConfiguration section */
		43E7318925CBD60B00B85FF4 /* Debug */ = {
			isa = XCBuildConfiguration;
			buildSettings = {
				ALWAYS_SEARCH_USER_PATHS = NO;
				CLANG_ANALYZER_NONNULL = YES;
				CLANG_ANALYZER_NUMBER_OBJECT_CONVERSION = YES_AGGRESSIVE;
				CLANG_CXX_LANGUAGE_STANDARD = "gnu++14";
				CLANG_CXX_LIBRARY = "libc++";
				CLANG_ENABLE_MODULES = YES;
				CLANG_ENABLE_OBJC_ARC = YES;
				CLANG_ENABLE_OBJC_WEAK = YES;
				CLANG_WARN_BLOCK_CAPTURE_AUTORELEASING = YES;
				CLANG_WARN_BOOL_CONVERSION = YES;
				CLANG_WARN_COMMA = YES;
				CLANG_WARN_CONSTANT_CONVERSION = YES;
				CLANG_WARN_DEPRECATED_OBJC_IMPLEMENTATIONS = YES;
				CLANG_WARN_DIRECT_OBJC_ISA_USAGE = YES_ERROR;
				CLANG_WARN_DOCUMENTATION_COMMENTS = YES;
				CLANG_WARN_EMPTY_BODY = YES;
				CLANG_WARN_ENUM_CONVERSION = YES;
				CLANG_WARN_INFINITE_RECURSION = YES;
				CLANG_WARN_INT_CONVERSION = YES;
				CLANG_WARN_NON_LITERAL_NULL_CONVERSION = YES;
				CLANG_WARN_OBJC_IMPLICIT_RETAIN_SELF = YES;
				CLANG_WARN_OBJC_LITERAL_CONVERSION = YES;
				CLANG_WARN_OBJC_ROOT_CLASS = YES_ERROR;
				CLANG_WARN_QUOTED_INCLUDE_IN_FRAMEWORK_HEADER = YES;
				CLANG_WARN_RANGE_LOOP_ANALYSIS = YES;
				CLANG_WARN_STRICT_PROTOTYPES = YES;
				CLANG_WARN_SUSPICIOUS_MOVE = YES;
				CLANG_WARN_UNGUARDED_AVAILABILITY = YES_AGGRESSIVE;
				CLANG_WARN_UNREACHABLE_CODE = YES;
				CLANG_WARN__DUPLICATE_METHOD_MATCH = YES;
				COPY_PHASE_STRIP = NO;
				DEBUG_INFORMATION_FORMAT = dwarf;
				ENABLE_STRICT_OBJC_MSGSEND = YES;
				ENABLE_TESTABILITY = YES;
				GCC_C_LANGUAGE_STANDARD = gnu11;
				GCC_DYNAMIC_NO_PIC = NO;
				GCC_NO_COMMON_BLOCKS = YES;
				GCC_OPTIMIZATION_LEVEL = 0;
				GCC_PREPROCESSOR_DEFINITIONS = (
					"DEBUG=1",
					"$(inherited)",
				);
				GCC_WARN_64_TO_32_BIT_CONVERSION = YES;
				GCC_WARN_ABOUT_RETURN_TYPE = YES_ERROR;
				GCC_WARN_UNDECLARED_SELECTOR = YES;
				GCC_WARN_UNINITIALIZED_AUTOS = YES_AGGRESSIVE;
				GCC_WARN_UNUSED_FUNCTION = YES;
				GCC_WARN_UNUSED_VARIABLE = YES;
				IPHONEOS_DEPLOYMENT_TARGET = 14.4;
				MTL_ENABLE_DEBUG_INFO = INCLUDE_SOURCE;
				MTL_FAST_MATH = YES;
				ONLY_ACTIVE_ARCH = YES;
				SDKROOT = iphoneos;
				SWIFT_ACTIVE_COMPILATION_CONDITIONS = DEBUG;
				SWIFT_OPTIMIZATION_LEVEL = "-Onone";
			};
			name = Debug;
		};
		43E7318A25CBD60B00B85FF4 /* Release */ = {
			isa = XCBuildConfiguration;
			buildSettings = {
				ALWAYS_SEARCH_USER_PATHS = NO;
				CLANG_ANALYZER_NONNULL = YES;
				CLANG_ANALYZER_NUMBER_OBJECT_CONVERSION = YES_AGGRESSIVE;
				CLANG_CXX_LANGUAGE_STANDARD = "gnu++14";
				CLANG_CXX_LIBRARY = "libc++";
				CLANG_ENABLE_MODULES = YES;
				CLANG_ENABLE_OBJC_ARC = YES;
				CLANG_ENABLE_OBJC_WEAK = YES;
				CLANG_WARN_BLOCK_CAPTURE_AUTORELEASING = YES;
				CLANG_WARN_BOOL_CONVERSION = YES;
				CLANG_WARN_COMMA = YES;
				CLANG_WARN_CONSTANT_CONVERSION = YES;
				CLANG_WARN_DEPRECATED_OBJC_IMPLEMENTATIONS = YES;
				CLANG_WARN_DIRECT_OBJC_ISA_USAGE = YES_ERROR;
				CLANG_WARN_DOCUMENTATION_COMMENTS = YES;
				CLANG_WARN_EMPTY_BODY = YES;
				CLANG_WARN_ENUM_CONVERSION = YES;
				CLANG_WARN_INFINITE_RECURSION = YES;
				CLANG_WARN_INT_CONVERSION = YES;
				CLANG_WARN_NON_LITERAL_NULL_CONVERSION = YES;
				CLANG_WARN_OBJC_IMPLICIT_RETAIN_SELF = YES;
				CLANG_WARN_OBJC_LITERAL_CONVERSION = YES;
				CLANG_WARN_OBJC_ROOT_CLASS = YES_ERROR;
				CLANG_WARN_QUOTED_INCLUDE_IN_FRAMEWORK_HEADER = YES;
				CLANG_WARN_RANGE_LOOP_ANALYSIS = YES;
				CLANG_WARN_STRICT_PROTOTYPES = YES;
				CLANG_WARN_SUSPICIOUS_MOVE = YES;
				CLANG_WARN_UNGUARDED_AVAILABILITY = YES_AGGRESSIVE;
				CLANG_WARN_UNREACHABLE_CODE = YES;
				CLANG_WARN__DUPLICATE_METHOD_MATCH = YES;
				COPY_PHASE_STRIP = NO;
				DEBUG_INFORMATION_FORMAT = "dwarf-with-dsym";
				ENABLE_NS_ASSERTIONS = NO;
				ENABLE_STRICT_OBJC_MSGSEND = YES;
				GCC_C_LANGUAGE_STANDARD = gnu11;
				GCC_NO_COMMON_BLOCKS = YES;
				GCC_WARN_64_TO_32_BIT_CONVERSION = YES;
				GCC_WARN_ABOUT_RETURN_TYPE = YES_ERROR;
				GCC_WARN_UNDECLARED_SELECTOR = YES;
				GCC_WARN_UNINITIALIZED_AUTOS = YES_AGGRESSIVE;
				GCC_WARN_UNUSED_FUNCTION = YES;
				GCC_WARN_UNUSED_VARIABLE = YES;
				IPHONEOS_DEPLOYMENT_TARGET = 14.4;
				MTL_ENABLE_DEBUG_INFO = NO;
				MTL_FAST_MATH = YES;
				SDKROOT = iphoneos;
				SWIFT_COMPILATION_MODE = wholemodule;
				SWIFT_OPTIMIZATION_LEVEL = "-O";
				VALIDATE_PRODUCT = YES;
			};
			name = Release;
		};
		43E7318C25CBD60B00B85FF4 /* Debug */ = {
			isa = XCBuildConfiguration;
			buildSettings = {
				ASSETCATALOG_COMPILER_APPICON_NAME = AppIcon;
				ASSETCATALOG_COMPILER_GLOBAL_ACCENT_COLOR_NAME = AccentColor;
				CODE_SIGN_ENTITLEMENTS = CoreToDo/CoreToDo.entitlements;
				CODE_SIGN_STYLE = Automatic;
				DEVELOPMENT_TEAM = 727Q9XPG67;
				INFOPLIST_FILE = "CoreToDo/Support Files/Info.plist";
				IPHONEOS_DEPLOYMENT_TARGET = 14.1;
				LD_RUNPATH_SEARCH_PATHS = (
					"$(inherited)",
					"@executable_path/Frameworks",
				);
				PRODUCT_BUNDLE_IDENTIFIER = dev.dovgopol.CoreToDo;
				PRODUCT_NAME = "$(TARGET_NAME)";
				SWIFT_VERSION = 5.0;
				TARGETED_DEVICE_FAMILY = 1;
			};
			name = Debug;
		};
		43E7318D25CBD60B00B85FF4 /* Release */ = {
			isa = XCBuildConfiguration;
			buildSettings = {
				ASSETCATALOG_COMPILER_APPICON_NAME = AppIcon;
				ASSETCATALOG_COMPILER_GLOBAL_ACCENT_COLOR_NAME = AccentColor;
				CODE_SIGN_ENTITLEMENTS = CoreToDo/CoreToDo.entitlements;
				CODE_SIGN_STYLE = Automatic;
				DEVELOPMENT_TEAM = 727Q9XPG67;
				INFOPLIST_FILE = "CoreToDo/Support Files/Info.plist";
				IPHONEOS_DEPLOYMENT_TARGET = 14.1;
				LD_RUNPATH_SEARCH_PATHS = (
					"$(inherited)",
					"@executable_path/Frameworks",
				);
				PRODUCT_BUNDLE_IDENTIFIER = dev.dovgopol.CoreToDo;
				PRODUCT_NAME = "$(TARGET_NAME)";
				SWIFT_VERSION = 5.0;
				TARGETED_DEVICE_FAMILY = 1;
			};
			name = Release;
		};
/* End XCBuildConfiguration section */

/* Begin XCConfigurationList section */
		43E7316F25CBD60700B85FF4 /* Build configuration list for PBXProject "CoreToDo" */ = {
			isa = XCConfigurationList;
			buildConfigurations = (
				43E7318925CBD60B00B85FF4 /* Debug */,
				43E7318A25CBD60B00B85FF4 /* Release */,
			);
			defaultConfigurationIsVisible = 0;
			defaultConfigurationName = Release;
		};
		43E7318B25CBD60B00B85FF4 /* Build configuration list for PBXNativeTarget "CoreToDo" */ = {
			isa = XCConfigurationList;
			buildConfigurations = (
				43E7318C25CBD60B00B85FF4 /* Debug */,
				43E7318D25CBD60B00B85FF4 /* Release */,
			);
			defaultConfigurationIsVisible = 0;
			defaultConfigurationName = Release;
		};
/* End XCConfigurationList section */

/* Begin XCVersionGroup section */
		43E7318025CBD60800B85FF4 /* CoreToDo.xcdatamodeld */ = {
			isa = XCVersionGroup;
			children = (
				43E7318125CBD60800B85FF4 /* CoreToDo.xcdatamodel */,
			);
			currentVersion = 43E7318125CBD60800B85FF4 /* CoreToDo.xcdatamodel */;
			path = CoreToDo.xcdatamodeld;
			sourceTree = "<group>";
			versionGroupType = wrapper.xcdatamodel;
		};
/* End XCVersionGroup section */
	};
	rootObject = 43E7316C25CBD60700B85FF4 /* Project object */;
}
